
Microsoft Visual Studio Solution File, Format Version 12.00
# Visual Studio 14
VisualStudioVersion = 14.0.25420.1
MinimumVisualStudioVersion = 10.0.40219.1
Project("{FAE04EC0-301F-11D3-BF4B-00C04F79EFBC}") = "If-else conditionals", "If-else conditionals\If-else conditionals.csproj", "{D4DA1669-3338-46FE-808C-8344105DBD99}"
EndProject
Project("{FAE04EC0-301F-11D3-BF4B-00C04F79EFBC}") = "UnitPractice", "UnitPractice\UnitPractice.csproj", "{7B366E08-E050-4954-8C93-EBD6C366138A}"
EndProject
Global
	GlobalSection(SolutionConfigurationPlatforms) = preSolution
		Debug|Any CPU = Debug|Any CPU
		Release|Any CPU = Release|Any CPU
	EndGlobalSection
	GlobalSection(ProjectConfigurationPlatforms) = postSolution
		{D4DA1669-3338-46FE-808C-8344105DBD99}.Debug|Any CPU.ActiveCfg = Debug|Any CPU
		{D4DA1669-3338-46FE-808C-8344105DBD99}.Debug|Any CPU.Build.0 = Debug|Any CPU
		{D4DA1669-3338-46FE-808C-8344105DBD99}.Release|Any CPU.ActiveCfg = Release|Any CPU
		{D4DA1669-3338-46FE-808C-8344105DBD99}.Release|Any CPU.Build.0 = Release|Any CPU
		{7B366E08-E050-4954-8C93-EBD6C366138A}.Debug|Any CPU.ActiveCfg = Debug|Any CPU
		{7B366E08-E050-4954-8C93-EBD6C366138A}.Debug|Any CPU.Build.0 = Debug|Any CPU
		{7B366E08-E050-4954-8C93-EBD6C366138A}.Release|Any CPU.ActiveCfg = Release|Any CPU
		{7B366E08-E050-4954-8C93-EBD6C366138A}.Release|Any CPU.Build.0 = Release|Any CPU
	EndGlobalSection
	GlobalSection(SolutionProperties) = preSolution
		HideSolutionNode = FALSE
	EndGlobalSection
EndGlobal
